
Microsoft Visual Studio Solution File, Format Version 12.00
# Visual Studio Version 16
VisualStudioVersion = 16.0.30225.117
MinimumVisualStudioVersion = 10.0.40219.1
Project("{FAE04EC0-301F-11D3-BF4B-00C04F79EFBC}") = "FilePicker", "FilePicker\FilePicker.csproj", "{793722BC-7488-47B5-92FF-F8F085346B48}"
EndProject
Project("{FAE04EC0-301F-11D3-BF4B-00C04F79EFBC}") = "Simulator", "Simulator\Simulator.csproj", "{66DE9DD3-8A97-4128-94B3-FD6AD875FA4E}"
EndProject
Project("{FAE04EC0-301F-11D3-BF4B-00C04F79EFBC}") = "FileCounter", "FileCounter\FileCounter.csproj", "{907480B9-F018-422A-8404-8C49A63B4968}"
EndProject
Global
	GlobalSection(SolutionConfigurationPlatforms) = preSolution
		Debug|Any CPU = Debug|Any CPU
		Release|Any CPU = Release|Any CPU
	EndGlobalSection
	GlobalSection(ProjectConfigurationPlatforms) = postSolution
		{793722BC-7488-47B5-92FF-F8F085346B48}.Debug|Any CPU.ActiveCfg = Debug|Any CPU
		{793722BC-7488-47B5-92FF-F8F085346B48}.Debug|Any CPU.Build.0 = Debug|Any CPU
		{793722BC-7488-47B5-92FF-F8F085346B48}.Release|Any CPU.ActiveCfg = Release|Any CPU
		{793722BC-7488-47B5-92FF-F8F085346B48}.Release|Any CPU.Build.0 = Release|Any CPU
		{66DE9DD3-8A97-4128-94B3-FD6AD875FA4E}.Debug|Any CPU.ActiveCfg = Debug|Any CPU
		{66DE9DD3-8A97-4128-94B3-FD6AD875FA4E}.Debug|Any CPU.Build.0 = Debug|Any CPU
		{66DE9DD3-8A97-4128-94B3-FD6AD875FA4E}.Release|Any CPU.ActiveCfg = Release|Any CPU
		{66DE9DD3-8A97-4128-94B3-FD6AD875FA4E}.Release|Any CPU.Build.0 = Release|Any CPU
		{907480B9-F018-422A-8404-8C49A63B4968}.Debug|Any CPU.ActiveCfg = Debug|Any CPU
		{907480B9-F018-422A-8404-8C49A63B4968}.Debug|Any CPU.Build.0 = Debug|Any CPU
		{907480B9-F018-422A-8404-8C49A63B4968}.Release|Any CPU.ActiveCfg = Release|Any CPU
		{907480B9-F018-422A-8404-8C49A63B4968}.Release|Any CPU.Build.0 = Release|Any CPU
	EndGlobalSection
	GlobalSection(SolutionProperties) = preSolution
		HideSolutionNode = FALSE
	EndGlobalSection
	GlobalSection(ExtensibilityGlobals) = postSolution
		SolutionGuid = {55A8BB2C-7DAD-40D5-B6FD-D94DE1058679}
	EndGlobalSection
EndGlobal
